
Microsoft Visual Studio Solution File, Format Version 12.00
# Visual Studio 14
VisualStudioVersion = 14.0.25420.1
MinimumVisualStudioVersion = 10.0.40219.1
Project("{FAE04EC0-301F-11D3-BF4B-00C04F79EFBC}") = "ServiceOrientedOnionArchitectureSolution", "ServiceOrientedOnionArchitectureSolution\ServiceOrientedOnionArchitectureSolution.csproj", "{93753403-49D6-464F-AD20-BC84A462C9CF}"
EndProject
Project("{FAE04EC0-301F-11D3-BF4B-00C04F79EFBC}") = "Entities", "Entities\Entities.csproj", "{E1734D26-9325-4AE7-9E90-DB44BF3F479C}"
EndProject
Project("{FAE04EC0-301F-11D3-BF4B-00C04F79EFBC}") = "Data", "Data\Data.csproj", "{9406DE1D-4E09-47E0-8E6B-06E3B5396FD5}"
EndProject
Project("{FAE04EC0-301F-11D3-BF4B-00C04F79EFBC}") = "BL.Interfaces", "BL.Interfaces\BL.Interfaces.csproj", "{6C6907A5-AB03-4453-B33D-DD1D026C0E32}"
EndProject
Project("{FAE04EC0-301F-11D3-BF4B-00C04F79EFBC}") = "BL", "BL\BL.csproj", "{9F390149-BEA6-4B14-9889-DC6B1690275D}"
EndProject
Project("{FAE04EC0-301F-11D3-BF4B-00C04F79EFBC}") = "DependencyResolution", "DependencyResolution\DependencyResolution.csproj", "{2834EA19-C7F3-4E14-8CDC-F64F8315A27C}"
EndProject
Project("{FAE04EC0-301F-11D3-BF4B-00C04F79EFBC}") = "ServiceOrientedOnionArchitectureSolution.UnitTests", "ServiceOrientedOnionArchitectureSolution.UnitTests\ServiceOrientedOnionArchitectureSolution.UnitTests.csproj", "{860B2AEE-66FA-45AD-81DE-028E08E3BEEF}"
EndProject
Project("{FAE04EC0-301F-11D3-BF4B-00C04F79EFBC}") = "Data.Interfaces", "Data.Interfaces\Data.Interfaces.csproj", "{E5566717-16FA-478E-AD87-CA8BC9DBA34A}"
EndProject
Global
	GlobalSection(SolutionConfigurationPlatforms) = preSolution
		Debug|Any CPU = Debug|Any CPU
		Release|Any CPU = Release|Any CPU
	EndGlobalSection
	GlobalSection(ProjectConfigurationPlatforms) = postSolution
		{93753403-49D6-464F-AD20-BC84A462C9CF}.Debug|Any CPU.ActiveCfg = Debug|Any CPU
		{93753403-49D6-464F-AD20-BC84A462C9CF}.Debug|Any CPU.Build.0 = Debug|Any CPU
		{93753403-49D6-464F-AD20-BC84A462C9CF}.Release|Any CPU.ActiveCfg = Release|Any CPU
		{93753403-49D6-464F-AD20-BC84A462C9CF}.Release|Any CPU.Build.0 = Release|Any CPU
		{E1734D26-9325-4AE7-9E90-DB44BF3F479C}.Debug|Any CPU.ActiveCfg = Debug|Any CPU
		{E1734D26-9325-4AE7-9E90-DB44BF3F479C}.Debug|Any CPU.Build.0 = Debug|Any CPU
		{E1734D26-9325-4AE7-9E90-DB44BF3F479C}.Release|Any CPU.ActiveCfg = Release|Any CPU
		{E1734D26-9325-4AE7-9E90-DB44BF3F479C}.Release|Any CPU.Build.0 = Release|Any CPU
		{9406DE1D-4E09-47E0-8E6B-06E3B5396FD5}.Debug|Any CPU.ActiveCfg = Debug|Any CPU
		{9406DE1D-4E09-47E0-8E6B-06E3B5396FD5}.Debug|Any CPU.Build.0 = Debug|Any CPU
		{9406DE1D-4E09-47E0-8E6B-06E3B5396FD5}.Release|Any CPU.ActiveCfg = Release|Any CPU
		{9406DE1D-4E09-47E0-8E6B-06E3B5396FD5}.Release|Any CPU.Build.0 = Release|Any CPU
		{6C6907A5-AB03-4453-B33D-DD1D026C0E32}.Debug|Any CPU.ActiveCfg = Debug|Any CPU
		{6C6907A5-AB03-4453-B33D-DD1D026C0E32}.Debug|Any CPU.Build.0 = Debug|Any CPU
		{6C6907A5-AB03-4453-B33D-DD1D026C0E32}.Release|Any CPU.ActiveCfg = Release|Any CPU
		{6C6907A5-AB03-4453-B33D-DD1D026C0E32}.Release|Any CPU.Build.0 = Release|Any CPU
		{9F390149-BEA6-4B14-9889-DC6B1690275D}.Debug|Any CPU.ActiveCfg = Debug|Any CPU
		{9F390149-BEA6-4B14-9889-DC6B1690275D}.Debug|Any CPU.Build.0 = Debug|Any CPU
		{9F390149-BEA6-4B14-9889-DC6B1690275D}.Release|Any CPU.ActiveCfg = Release|Any CPU
		{9F390149-BEA6-4B14-9889-DC6B1690275D}.Release|Any CPU.Build.0 = Release|Any CPU
		{2834EA19-C7F3-4E14-8CDC-F64F8315A27C}.Debug|Any CPU.ActiveCfg = Debug|Any CPU
		{2834EA19-C7F3-4E14-8CDC-F64F8315A27C}.Debug|Any CPU.Build.0 = Debug|Any CPU
		{2834EA19-C7F3-4E14-8CDC-F64F8315A27C}.Release|Any CPU.ActiveCfg = Release|Any CPU
		{2834EA19-C7F3-4E14-8CDC-F64F8315A27C}.Release|Any CPU.Build.0 = Release|Any CPU
		{860B2AEE-66FA-45AD-81DE-028E08E3BEEF}.Debug|Any CPU.ActiveCfg = Debug|Any CPU
		{860B2AEE-66FA-45AD-81DE-028E08E3BEEF}.Debug|Any CPU.Build.0 = Debug|Any CPU
		{860B2AEE-66FA-45AD-81DE-028E08E3BEEF}.Release|Any CPU.ActiveCfg = Release|Any CPU
		{860B2AEE-66FA-45AD-81DE-028E08E3BEEF}.Release|Any CPU.Build.0 = Release|Any CPU
		{E5566717-16FA-478E-AD87-CA8BC9DBA34A}.Debug|Any CPU.ActiveCfg = Debug|Any CPU
		{E5566717-16FA-478E-AD87-CA8BC9DBA34A}.Debug|Any CPU.Build.0 = Debug|Any CPU
		{E5566717-16FA-478E-AD87-CA8BC9DBA34A}.Release|Any CPU.ActiveCfg = Release|Any CPU
		{E5566717-16FA-478E-AD87-CA8BC9DBA34A}.Release|Any CPU.Build.0 = Release|Any CPU
	EndGlobalSection
	GlobalSection(SolutionProperties) = preSolution
		HideSolutionNode = FALSE
	EndGlobalSection
EndGlobal
